
Microsoft Visual Studio Solution File, Format Version 12.00
# Visual Studio Version 16
VisualStudioVersion = 16.0.29102.190
MinimumVisualStudioVersion = 10.0.40219.1
Project("{FAE04EC0-301F-11D3-BF4B-00C04F79EFBC}") = "gc_Lab8", "gc_Lab8\gc_Lab8.csproj", "{782F9A64-8C7E-4D7F-8C26-923D9A7A2C47}"
EndProject
Global
	GlobalSection(SolutionConfigurationPlatforms) = preSolution
		Debug|Any CPU = Debug|Any CPU
		Release|Any CPU = Release|Any CPU
	EndGlobalSection
	GlobalSection(ProjectConfigurationPlatforms) = postSolution
		{782F9A64-8C7E-4D7F-8C26-923D9A7A2C47}.Debug|Any CPU.ActiveCfg = Debug|Any CPU
		{782F9A64-8C7E-4D7F-8C26-923D9A7A2C47}.Debug|Any CPU.Build.0 = Debug|Any CPU
		{782F9A64-8C7E-4D7F-8C26-923D9A7A2C47}.Release|Any CPU.ActiveCfg = Release|Any CPU
		{782F9A64-8C7E-4D7F-8C26-923D9A7A2C47}.Release|Any CPU.Build.0 = Release|Any CPU
	EndGlobalSection
	GlobalSection(SolutionProperties) = preSolution
		HideSolutionNode = FALSE
	EndGlobalSection
	GlobalSection(ExtensibilityGlobals) = postSolution
		SolutionGuid = {B5D6B702-3F8E-4893-BA86-166AB0C7F10C}
	EndGlobalSection
EndGlobal
